github.com/batuta-ai/core v1.1.0-beta h1:kRwWo28+FRksf0YxrKr+aKtL95k4OvrJPX9JWDaabIk=
github.com/batuta-ai/core v1.1.0-beta/go.mod h1:GaUEkDn1PT5fKqZ3+7F9JVVU+xvR3IZLdRtlhpAmpeo=
github.com/compozy/compozy/sdk/go v0.3.0-beta.21 h1:3YpMsB9TEC4PRpQk0i4B4OWQbpa64lOSGnlH9pmYK0E=
github.com/compozy/compozy/sdk/go v0.3.0-beta.21/go.mod h1:pFMFVfFgtF+Mgz7V7aiCerztK7sW1gFlbGfGuvcKnag=
github.com/pelletier/go-toml/v2 v2.4.3 h1:GTRvJQutkOSftxIFD5xw9aepkYNuPWmVJpffdDPYVpY=
github.com/pelletier/go-toml/v2 v2.4.3/go.mod h1:2gIqNv+qfxSVS7cM2xJQKtLSTLUE9V8t9Stt+h56mCY=
gopkg.in/check.v1 v0.0.0-20161208181325-20d25e280405 h1:yhCVgyC4o1eVCa2tZl7eS0r+SDo693bJlVdllGtEeKM=
gopkg.in/check.v1 v0.0.0-20161208181325-20d25e280405/go.mod h1:Co6ibVJAznAaIkqp8huTwlJQCZ016jof/cbN4VW5Yz0=
gopkg.in/yaml.v3 v3.0.1 h1:fxVm/GzAzEWqLHuvctI91KS9hhNmmWOoWu0XTYJS7CA=
gopkg.in/yaml.v3 v3.0.1/go.mod h1:K4uyk7z7BCEPqu6E+C64Yfv1cQ7kz7rIZviUmN+EgEM=
